
Microsoft Visual Studio Solution File, Format Version 9.00
# Visual Studio 2005
Project("{8BC9CEB8-8B4A-11D0-8D11-00A0C91BC942}") = "ExifFolder", "ExifFolder\ExifFolder.vcproj", "{BC6C848C-88EA-40EF-A4C1-F5363AC7B3AD}"
EndProject
Global
	GlobalSection(SolutionConfigurationPlatforms) = preSolution
		Debug|Win32 = Debug|Win32
		Release|Win32 = Release|Win32
	EndGlobalSection
	GlobalSection(ProjectConfigurationPlatforms) = postSolution
		{BC6C848C-88EA-40EF-A4C1-F5363AC7B3AD}.Debug|Win32.ActiveCfg = Debug|Win32
		{BC6C848C-88EA-40EF-A4C1-F5363AC7B3AD}.Debug|Win32.Build.0 = Debug|Win32
		{BC6C848C-88EA-40EF-A4C1-F5363AC7B3AD}.Release|Win32.ActiveCfg = Release|Win32
		{BC6C848C-88EA-40EF-A4C1-F5363AC7B3AD}.Release|Win32.Build.0 = Release|Win32
	EndGlobalSection
	GlobalSection(SolutionProperties) = preSolution
		HideSolutionNode = FALSE
	EndGlobalSection
EndGlobal
